
Microsoft Visual Studio Solution File, Format Version 12.00
# Visual Studio Version 17
VisualStudioVersion = 17.5.33530.505
MinimumVisualStudioVersion = 10.0.40219.1
Project("{2150E333-8FDC-42A3-9474-1A3956D46DE8}") = "Services", "Services", "{9466C7E0-B481-4130-A071-1BE6978A7412}"
EndProject
Project("{2150E333-8FDC-42A3-9474-1A3956D46DE8}") = "Catalog", "Catalog", "{9C135AA0-7E3C-44BE-8712-96330D60BB4F}"
EndProject
Project("{9A19103F-16F7-4668-BE54-9A1E7A4F7556}") = "Catalog.API", "Services\Catalog\Catalog.API\Catalog.API.csproj", "{4155F86E-3830-4C72-9DD1-53C678125532}"
EndProject
Project("{E53339B2-1760-4266-BCC7-CA923CBCF16C}") = "docker-compose", "docker-compose.dcproj", "{6590085C-A23B-41DE-BC5F-D9B0702B7A83}"
EndProject
Project("{2150E333-8FDC-42A3-9474-1A3956D46DE8}") = "Basket", "Basket", "{D545DE75-E63D-4011-BFCF-6E70AF1849D8}"
EndProject
Project("{9A19103F-16F7-4668-BE54-9A1E7A4F7556}") = "Basket.API", "Services\Basket\Basket.API\Basket.API.csproj", "{66FD6B14-DDDD-4448-B596-DEB3ADA27780}"
EndProject
Project("{2150E333-8FDC-42A3-9474-1A3956D46DE8}") = "Discount", "Discount", "{8F9AD59A-732E-48A2-91EE-4B9379F67555}"
EndProject
Project("{9A19103F-16F7-4668-BE54-9A1E7A4F7556}") = "Discount.API", "Services\Discount\Discount.API\Discount.API.csproj", "{483A503F-D587-47B8-BC25-FBEB65688DB8}"
EndProject
Project("{9A19103F-16F7-4668-BE54-9A1E7A4F7556}") = "Discount.Grpc", "Services\Discount\Discount.Grpc\Discount.Grpc.csproj", "{66E1BAD1-4EFB-408C-A0A8-BDF39EA06D27}"
EndProject
Project("{2150E333-8FDC-42A3-9474-1A3956D46DE8}") = "Ordering", "Ordering", "{0E3F9807-D694-4373-B739-F44632C1FFAF}"
EndProject
Project("{9A19103F-16F7-4668-BE54-9A1E7A4F7556}") = "Ordering.API", "Services\Ordering\Ordering.API\Ordering.API.csproj", "{8CA0BEFE-2FEA-44A9-A426-D4B6EFCE2FD2}"
EndProject
Project("{9A19103F-16F7-4668-BE54-9A1E7A4F7556}") = "Ordering.Domain", "Services\Ordering\Ordering.Domain\Ordering.Domain.csproj", "{C6F5817B-34A3-4EA7-A028-78BF748F8450}"
EndProject
Project("{9A19103F-16F7-4668-BE54-9A1E7A4F7556}") = "Ordering.Application", "Services\Ordering\Ordering.Application\Ordering.Application.csproj", "{390669C8-4F28-4BED-A92E-CC6E54C6FE41}"
EndProject
Project("{9A19103F-16F7-4668-BE54-9A1E7A4F7556}") = "Ordering.Infrastructure", "Services\Ordering\Ordering.Infrastructure\Ordering.Infrastructure.csproj", "{21359FF8-5D79-4CDF-B3FE-292F636A49A1}"
EndProject
Project("{2150E333-8FDC-42A3-9474-1A3956D46DE8}") = "BuildingBlocks", "BuildingBlocks", "{6772A20F-AD65-4337-91EE-8DCCA4A00137}"
EndProject
Project("{9A19103F-16F7-4668-BE54-9A1E7A4F7556}") = "EvenBus.Messages", "BuildingBlocks\EvenBus.Messages\EvenBus.Messages.csproj", "{4FC326F3-F5F5-41C1-91CC-98CB31718A8A}"
EndProject
Project("{2150E333-8FDC-42A3-9474-1A3956D46DE8}") = "ApiGateways", "ApiGateways", "{24682B37-8397-429E-9EF5-D9A92078AFE2}"
EndProject
Project("{9A19103F-16F7-4668-BE54-9A1E7A4F7556}") = "OcelotApiGw", "ApiGateways\OcelotApiGw\OcelotApiGw.csproj", "{ADB8FB8A-2BBC-430D-8A9E-28CAEF442FD4}"
EndProject
Project("{9A19103F-16F7-4668-BE54-9A1E7A4F7556}") = "Shopping.Aggregator", "ApiGateways\Shopping.Aggregator\Shopping.Aggregator.csproj", "{11F8CFB2-00FD-415F-B9BD-CD178F8B9381}"
EndProject
Project("{2150E333-8FDC-42A3-9474-1A3956D46DE8}") = "WebApps", "WebApps", "{321E9F98-C468-4823-B958-802F5D358161}"
EndProject
Project("{9A19103F-16F7-4668-BE54-9A1E7A4F7556}") = "AspnetRunBasics", "WebApps\AspnetRunBasics\AspnetRunBasics.csproj", "{4E9563A3-0292-4CC0-9923-80F74E129C8F}"
EndProject
Project("{9A19103F-16F7-4668-BE54-9A1E7A4F7556}") = "AspnetRunBasicBlazor", "WebApps\AspnetRunBasicBlazor\AspnetRunBasicBlazor.csproj", "{0D9D7ACC-CE28-40A8-9FB4-D58D88F65EFE}"
EndProject
Global
	GlobalSection(SolutionConfigurationPlatforms) = preSolution
		Debug|Any CPU = Debug|Any CPU
		Release|Any CPU = Release|Any CPU
	EndGlobalSection
	GlobalSection(ProjectConfigurationPlatforms) = postSolution
		{4155F86E-3830-4C72-9DD1-53C678125532}.Debug|Any CPU.ActiveCfg = Debug|Any CPU
		{4155F86E-3830-4C72-9DD1-53C678125532}.Debug|Any CPU.Build.0 = Debug|Any CPU
		{4155F86E-3830-4C72-9DD1-53C678125532}.Release|Any CPU.ActiveCfg = Release|Any CPU
		{4155F86E-3830-4C72-9DD1-53C678125532}.Release|Any CPU.Build.0 = Release|Any CPU
		{6590085C-A23B-41DE-BC5F-D9B0702B7A83}.Debug|Any CPU.ActiveCfg = Debug|Any CPU
		{6590085C-A23B-41DE-BC5F-D9B0702B7A83}.Debug|Any CPU.Build.0 = Debug|Any CPU
		{6590085C-A23B-41DE-BC5F-D9B0702B7A83}.Release|Any CPU.ActiveCfg = Release|Any CPU
		{6590085C-A23B-41DE-BC5F-D9B0702B7A83}.Release|Any CPU.Build.0 = Release|Any CPU
		{66FD6B14-DDDD-4448-B596-DEB3ADA27780}.Debug|Any CPU.ActiveCfg = Debug|Any CPU
		{66FD6B14-DDDD-4448-B596-DEB3ADA27780}.Debug|Any CPU.Build.0 = Debug|Any CPU
		{66FD6B14-DDDD-4448-B596-DEB3ADA27780}.Release|Any CPU.ActiveCfg = Release|Any CPU
		{66FD6B14-DDDD-4448-B596-DEB3ADA27780}.Release|Any CPU.Build.0 = Release|Any CPU
		{483A503F-D587-47B8-BC25-FBEB65688DB8}.Debug|Any CPU.ActiveCfg = Debug|Any CPU
		{483A503F-D587-47B8-BC25-FBEB65688DB8}.Debug|Any CPU.Build.0 = Debug|Any CPU
		{483A503F-D587-47B8-BC25-FBEB65688DB8}.Release|Any CPU.ActiveCfg = Release|Any CPU
		{483A503F-D587-47B8-BC25-FBEB65688DB8}.Release|Any CPU.Build.0 = Release|Any CPU
		{66E1BAD1-4EFB-408C-A0A8-BDF39EA06D27}.Debug|Any CPU.ActiveCfg = Debug|Any CPU
		{66E1BAD1-4EFB-408C-A0A8-BDF39EA06D27}.Debug|Any CPU.Build.0 = Debug|Any CPU
		{66E1BAD1-4EFB-408C-A0A8-BDF39EA06D27}.Release|Any CPU.ActiveCfg = Release|Any CPU
		{66E1BAD1-4EFB-408C-A0A8-BDF39EA06D27}.Release|Any CPU.Build.0 = Release|Any CPU
		{8CA0BEFE-2FEA-44A9-A426-D4B6EFCE2FD2}.Debug|Any CPU.ActiveCfg = Debug|Any CPU
		{8CA0BEFE-2FEA-44A9-A426-D4B6EFCE2FD2}.Debug|Any CPU.Build.0 = Debug|Any CPU
		{8CA0BEFE-2FEA-44A9-A426-D4B6EFCE2FD2}.Release|Any CPU.ActiveCfg = Release|Any CPU
		{8CA0BEFE-2FEA-44A9-A426-D4B6EFCE2FD2}.Release|Any CPU.Build.0 = Release|Any CPU
		{C6F5817B-34A3-4EA7-A028-78BF748F8450}.Debug|Any CPU.ActiveCfg = Debug|Any CPU
		{C6F5817B-34A3-4EA7-A028-78BF748F8450}.Debug|Any CPU.Build.0 = Debug|Any CPU
		{C6F5817B-34A3-4EA7-A028-78BF748F8450}.Release|Any CPU.ActiveCfg = Release|Any CPU
		{C6F5817B-34A3-4EA7-A028-78BF748F8450}.Release|Any CPU.Build.0 = Release|Any CPU
		{390669C8-4F28-4BED-A92E-CC6E54C6FE41}.Debug|Any CPU.ActiveCfg = Debug|Any CPU
		{390669C8-4F28-4BED-A92E-CC6E54C6FE41}.Debug|Any CPU.Build.0 = Debug|Any CPU
		{390669C8-4F28-4BED-A92E-CC6E54C6FE41}.Release|Any CPU.ActiveCfg = Release|Any CPU
		{390669C8-4F28-4BED-A92E-CC6E54C6FE41}.Release|Any CPU.Build.0 = Release|Any CPU
		{21359FF8-5D79-4CDF-B3FE-292F636A49A1}.Debug|Any CPU.ActiveCfg = Debug|Any CPU
		{21359FF8-5D79-4CDF-B3FE-292F636A49A1}.Debug|Any CPU.Build.0 = Debug|Any CPU
		{21359FF8-5D79-4CDF-B3FE-292F636A49A1}.Release|Any CPU.ActiveCfg = Release|Any CPU
		{21359FF8-5D79-4CDF-B3FE-292F636A49A1}.Release|Any CPU.Build.0 = Release|Any CPU
		{4FC326F3-F5F5-41C1-91CC-98CB31718A8A}.Debug|Any CPU.ActiveCfg = Debug|Any CPU
		{4FC326F3-F5F5-41C1-91CC-98CB31718A8A}.Debug|Any CPU.Build.0 = Debug|Any CPU
		{4FC326F3-F5F5-41C1-91CC-98CB31718A8A}.Release|Any CPU.ActiveCfg = Release|Any CPU
		{4FC326F3-F5F5-41C1-91CC-98CB31718A8A}.Release|Any CPU.Build.0 = Release|Any CPU
		{ADB8FB8A-2BBC-430D-8A9E-28CAEF442FD4}.Debug|Any CPU.ActiveCfg = Debug|Any CPU
		{ADB8FB8A-2BBC-430D-8A9E-28CAEF442FD4}.Debug|Any CPU.Build.0 = Debug|Any CPU
		{ADB8FB8A-2BBC-430D-8A9E-28CAEF442FD4}.Release|Any CPU.ActiveCfg = Release|Any CPU
		{ADB8FB8A-2BBC-430D-8A9E-28CAEF442FD4}.Release|Any CPU.Build.0 = Release|Any CPU
		{11F8CFB2-00FD-415F-B9BD-CD178F8B9381}.Debug|Any CPU.ActiveCfg = Debug|Any CPU
		{11F8CFB2-00FD-415F-B9BD-CD178F8B9381}.Debug|Any CPU.Build.0 = Debug|Any CPU
		{11F8CFB2-00FD-415F-B9BD-CD178F8B9381}.Release|Any CPU.ActiveCfg = Release|Any CPU
		{11F8CFB2-00FD-415F-B9BD-CD178F8B9381}.Release|Any CPU.Build.0 = Release|Any CPU
		{4E9563A3-0292-4CC0-9923-80F74E129C8F}.Debug|Any CPU.ActiveCfg = Debug|Any CPU
		{4E9563A3-0292-4CC0-9923-80F74E129C8F}.Debug|Any CPU.Build.0 = Debug|Any CPU
		{4E9563A3-0292-4CC0-9923-80F74E129C8F}.Release|Any CPU.ActiveCfg = Release|Any CPU
		{4E9563A3-0292-4CC0-9923-80F74E129C8F}.Release|Any CPU.Build.0 = Release|Any CPU
		{0D9D7ACC-CE28-40A8-9FB4-D58D88F65EFE}.Debug|Any CPU.ActiveCfg = Debug|Any CPU
		{0D9D7ACC-CE28-40A8-9FB4-D58D88F65EFE}.Debug|Any CPU.Build.0 = Debug|Any CPU
		{0D9D7ACC-CE28-40A8-9FB4-D58D88F65EFE}.Release|Any CPU.ActiveCfg = Release|Any CPU
		{0D9D7ACC-CE28-40A8-9FB4-D58D88F65EFE}.Release|Any CPU.Build.0 = Release|Any CPU
	EndGlobalSection
	GlobalSection(SolutionProperties) = preSolution
		HideSolutionNode = FALSE
	EndGlobalSection
	GlobalSection(NestedProjects) = preSolution
		{9C135AA0-7E3C-44BE-8712-96330D60BB4F} = {9466C7E0-B481-4130-A071-1BE6978A7412}
		{4155F86E-3830-4C72-9DD1-53C678125532} = {9C135AA0-7E3C-44BE-8712-96330D60BB4F}
		{D545DE75-E63D-4011-BFCF-6E70AF1849D8} = {9466C7E0-B481-4130-A071-1BE6978A7412}
		{66FD6B14-DDDD-4448-B596-DEB3ADA27780} = {D545DE75-E63D-4011-BFCF-6E70AF1849D8}
		{8F9AD59A-732E-48A2-91EE-4B9379F67555} = {9466C7E0-B481-4130-A071-1BE6978A7412}
		{483A503F-D587-47B8-BC25-FBEB65688DB8} = {8F9AD59A-732E-48A2-91EE-4B9379F67555}
		{66E1BAD1-4EFB-408C-A0A8-BDF39EA06D27} = {8F9AD59A-732E-48A2-91EE-4B9379F67555}
		{0E3F9807-D694-4373-B739-F44632C1FFAF} = {9466C7E0-B481-4130-A071-1BE6978A7412}
		{8CA0BEFE-2FEA-44A9-A426-D4B6EFCE2FD2} = {0E3F9807-D694-4373-B739-F44632C1FFAF}
		{C6F5817B-34A3-4EA7-A028-78BF748F8450} = {0E3F9807-D694-4373-B739-F44632C1FFAF}
		{390669C8-4F28-4BED-A92E-CC6E54C6FE41} = {0E3F9807-D694-4373-B739-F44632C1FFAF}
		{21359FF8-5D79-4CDF-B3FE-292F636A49A1} = {0E3F9807-D694-4373-B739-F44632C1FFAF}
		{4FC326F3-F5F5-41C1-91CC-98CB31718A8A} = {6772A20F-AD65-4337-91EE-8DCCA4A00137}
		{ADB8FB8A-2BBC-430D-8A9E-28CAEF442FD4} = {24682B37-8397-429E-9EF5-D9A92078AFE2}
		{11F8CFB2-00FD-415F-B9BD-CD178F8B9381} = {24682B37-8397-429E-9EF5-D9A92078AFE2}
		{4E9563A3-0292-4CC0-9923-80F74E129C8F} = {321E9F98-C468-4823-B958-802F5D358161}
		{0D9D7ACC-CE28-40A8-9FB4-D58D88F65EFE} = {321E9F98-C468-4823-B958-802F5D358161}
	EndGlobalSection
	GlobalSection(ExtensibilityGlobals) = postSolution
		SolutionGuid = {C8448E15-DB85-4A62-80A0-7AAC42CBAADA}
	EndGlobalSection
EndGlobal
